// !$*UTF8*$!
{
	archiveVersion = 1;
	classes = {
	};
	objectVersion = 46;
	objects = {

/* Begin PBXBuildFile section */
		0C0655D41EE1681D00D38DA3 /* CharacterMenuScene.swift in Sources */ = {isa = PBXBuildFile; fileRef = 0C0655D31EE1681D00D38DA3 /* CharacterMenuScene.swift */; };
		0C12CD521F0293B9008BA78C /* AccountInfo.swift in Sources */ = {isa = PBXBuildFile; fileRef = 0C12CD481F0293B9008BA78C /* AccountInfo.swift */; };
		0C12CD571F0293B9008BA78C /* GameInfo.swift in Sources */ = {isa = PBXBuildFile; fileRef = 0C12CD4E1F0293B9008BA78C /* GameInfo.swift */; };
		0C12CD581F0293B9008BA78C /* Global.swift in Sources */ = {isa = PBXBuildFile; fileRef = 0C12CD4F1F0293B9008BA78C /* Global.swift */; };
		0C12CD591F0293B9008BA78C /* Map.swift in Sources */ = {isa = PBXBuildFile; fileRef = 0C12CD501F0293B9008BA78C /* Map.swift */; };
		0C12CD5A1F0293B9008BA78C /* Toon.swift in Sources */ = {isa = PBXBuildFile; fileRef = 0C12CD511F0293B9008BA78C /* Toon.swift */; };
		0C12CD611F0293C4008BA78C /* AVAudio.swift in Sources */ = {isa = PBXBuildFile; fileRef = 0C12CD5C1F0293C4008BA78C /* AVAudio.swift */; };
		0C12CD621F0293C4008BA78C /* Currency.swift in Sources */ = {isa = PBXBuildFile; fileRef = 0C12CD5D1F0293C4008BA78C /* Currency.swift */; };
		0C12CD631F0293C4008BA78C /* HUD.swift in Sources */ = {isa = PBXBuildFile; fileRef = 0C12CD5E1F0293C4008BA78C /* HUD.swift */; };
		0C12CD641F0293C4008BA78C /* PhysicsCategory.swift in Sources */ = {isa = PBXBuildFile; fileRef = 0C12CD5F1F0293C4008BA78C /* PhysicsCategory.swift */; };
		0C12CD651F0293C4008BA78C /* Projectile.swift in Sources */ = {isa = PBXBuildFile; fileRef = 0C12CD601F0293C4008BA78C /* Projectile.swift */; };
		0C12CD6C1F029433008BA78C /* Bomber.swift in Sources */ = {isa = PBXBuildFile; fileRef = 0C12CD681F029433008BA78C /* Bomber.swift */; };
		0C12CD6E1F029433008BA78C /* Pinky.swift in Sources */ = {isa = PBXBuildFile; fileRef = 0C12CD6A1F029433008BA78C /* Pinky.swift */; };
		0C12CD711F029479008BA78C /* Fireball.swift in Sources */ = {isa = PBXBuildFile; fileRef = 0C12CD701F029479008BA78C /* Fireball.swift */; };
		0C12CD791F03E304008BA78C /* famifont.ttf in Resources */ = {isa = PBXBuildFile; fileRef = 0C12CD771F03E304008BA78C /* famifont.ttf */; };
		0C12CD7A1F03E304008BA78C /* Quebab-Shadow-ffp.ttf in Resources */ = {isa = PBXBuildFile; fileRef = 0C12CD781F03E304008BA78C /* Quebab-Shadow-ffp.ttf */; };
		0C12CD831F052772008BA78C /* selectedChar-One.sks in Resources */ = {isa = PBXBuildFile; fileRef = 0C12CD811F052772008BA78C /* selectedChar-One.sks */; };
		0C12CD871F05367B008BA78C /* selectedChar-Three.sks in Resources */ = {isa = PBXBuildFile; fileRef = 0C12CD851F05367B008BA78C /* selectedChar-Three.sks */; };
		0C12CD881F05367B008BA78C /* selectedChar-Two.sks in Resources */ = {isa = PBXBuildFile; fileRef = 0C12CD861F05367B008BA78C /* selectedChar-Two.sks */; };
		0C12CD8E1F066CD2008BA78C /* Sansani Fonts - Cartwheel.otf in Resources */ = {isa = PBXBuildFile; fileRef = 0C12CD8D1F066CCB008BA78C /* Sansani Fonts - Cartwheel.otf */; };
		0C12CD901F068B00008BA78C /* Infobar.swift in Sources */ = {isa = PBXBuildFile; fileRef = 0C12CD8F1F068B00008BA78C /* Infobar.swift */; };
		0C12CD961F0C4CB5008BA78C /* BulletMaker.swift in Sources */ = {isa = PBXBuildFile; fileRef = 0C12CD951F0C4CB4008BA78C /* BulletMaker.swift */; };
		0C2520C51EC6AC0A00A03400 /* MainScene.swift in Sources */ = {isa = PBXBuildFile; fileRef = 0C2520C41EC6AC0A00A03400 /* MainScene.swift */; };
		0C363DC31EF4502C00CAE82F /* CharacterScene.atlas in Resources */ = {isa = PBXBuildFile; fileRef = 0C363DAB1EF4502C00CAE82F /* CharacterScene.atlas */; };
		0C363DC41EF4502C00CAE82F /* Enemy.atlas in Resources */ = {isa = PBXBuildFile; fileRef = 0C363DAC1EF4502C00CAE82F /* Enemy.atlas */; };
		0C363DC51EF4502C00CAE82F /* GUI.atlas in Resources */ = {isa = PBXBuildFile; fileRef = 0C363DAD1EF4502C00CAE82F /* GUI.atlas */; };
		0C363DC61EF4502C00CAE82F /* HUD.atlas in Resources */ = {isa = PBXBuildFile; fileRef = 0C363DAE1EF4502C00CAE82F /* HUD.atlas */; };
		0C363DC71EF4502C00CAE82F /* Items.atlas in Resources */ = {isa = PBXBuildFile; fileRef = 0C363DAF1EF4502C00CAE82F /* Items.atlas */; };
		0C363DC81EF4502C00CAE82F /* mainmenu.atlas in Resources */ = {isa = PBXBuildFile; fileRef = 0C363DB01EF4502C00CAE82F /* mainmenu.atlas */; };
		0C363DC91EF4502C00CAE82F /* Map.atlas in Resources */ = {isa = PBXBuildFile; fileRef = 0C363DB11EF4502C00CAE82F /* Map.atlas */; };
		0C363DCA1EF4502C00CAE82F /* Player.atlas in Resources */ = {isa = PBXBuildFile; fileRef = 0C363DB21EF4502C00CAE82F /* Player.atlas */; };
		0C363DDE1EF4AA7800CAE82F /* trail.sks in Resources */ = {isa = PBXBuildFile; fileRef = 0C363DDC1EF4AA7800CAE82F /* trail.sks */; };
		0CB6F24C1F15EBCC00BE6AFD /* Enemy.swift in Sources */ = {isa = PBXBuildFile; fileRef = 0CB6F24B1F15EBCC00BE6AFD /* Enemy.swift */; };
		0CD399A11F185C9700B7AC4C /* EnemyModel.swift in Sources */ = {isa = PBXBuildFile; fileRef = 0CD399A01F185C9000B7AC4C /* EnemyModel.swift */; };
		6E13E78C28ED903300C4844B /* Score+CoreDataClass.swift in Sources */ = {isa = PBXBuildFile; fileRef = 6E13E78428ED902A00C4844B /* Score+CoreDataClass.swift */; };
		6E13E78F28ED903300C4844B /* Settings+CoreDataClass.swift in Sources */ = {isa = PBXBuildFile; fileRef = 6E13E78728ED902E00C4844B /* Settings+CoreDataClass.swift */; };
		6E13E79128ED903300C4844B /* Score+CoreDataProperties.swift in Sources */ = {isa = PBXBuildFile; fileRef = 6E13E78928ED903000C4844B /* Score+CoreDataProperties.swift */; };
		6E13E79328ED903300C4844B /* Settings+CoreDataProperties.swift in Sources */ = {isa = PBXBuildFile; fileRef = 6E13E78628ED902C00C4844B /* Settings+CoreDataProperties.swift */; };
		6E13E79628ED9DE300C4844B /* EggsDB+CoreDataClass.swift in Sources */ = {isa = PBXBuildFile; fileRef = 6E13E79428ED9DE300C4844B /* EggsDB+CoreDataClass.swift */; };
		6E13E79728ED9DE300C4844B /* EggsDB+CoreDataProperties.swift in Sources */ = {isa = PBXBuildFile; fileRef = 6E13E79528ED9DE300C4844B /* EggsDB+CoreDataProperties.swift */; };
		6E13E7A928EDDF3C00C4844B /* BuyDragon.swift in Sources */ = {isa = PBXBuildFile; fileRef = 6E13E7A828EDDF3C00C4844B /* BuyDragon.swift */; };
		6E18F67B27D94AB600354BC1 /* SKEmitterNode.swift in Sources */ = {isa = PBXBuildFile; fileRef = 6E18F67A27D94AB600354BC1 /* SKEmitterNode.swift */; };
		6E2B71ED284D4C750090FF19 /* Assets.xcassets in Resources */ = {isa = PBXBuildFile; fileRef = 6E2B71EC284D4C750090FF19 /* Assets.xcassets */; };
		6E3ADF8727FC8B980007C2C4 /* getClover.m4a in Resources */ = {isa = PBXBuildFile; fileRef = 6E3ADF8627FC8B8E0007C2C4 /* getClover.m4a */; };
		6E3ADF8927FC8FDC0007C2C4 /* player_death.m4a in Resources */ = {isa = PBXBuildFile; fileRef = 6E3ADF8827FC8FD20007C2C4 /* player_death.m4a */; };
		6E3ADF8B27FC93B50007C2C4 /* result_coin.m4a in Resources */ = {isa = PBXBuildFile; fileRef = 6E3ADF8A27FC93AE0007C2C4 /* result_coin.m4a */; };
		6E3B3A5427E5044100D21BED /* userinfo.plist in Resources */ = {isa = PBXBuildFile; fileRef = 6E3B3A5327E5044100D21BED /* userinfo.plist */; };
		6E4E870927DA22FB00CF0D38 /* getcoin.m4a in Resources */ = {isa = PBXBuildFile; fileRef = 6E18F67927D9439F00354BC1 /* getcoin.m4a */; };
		6E4E870A27DA22FB00CF0D38 /* puff.m4a in Resources */ = {isa = PBXBuildFile; fileRef = 6E18F67827D9439F00354BC1 /* puff.m4a */; };
		6E4E870E27DA26AD00CF0D38 /* tictack.m4a in Resources */ = {isa = PBXBuildFile; fileRef = 6E4E870D27DA269B00CF0D38 /* tictack.m4a */; };
		6E4E872827DAA5EC00CF0D38 /* UIColor.swift in Sources */ = {isa = PBXBuildFile; fileRef = 6E4E872727DAA5EC00CF0D38 /* UIColor.swift */; };
		6E4E872A27DAAD3C00CF0D38 /* gradient.fsh in Resources */ = {isa = PBXBuildFile; fileRef = 6E4E872927DAAD3C00CF0D38 /* gradient.fsh */; };
		6E4E872C27DAB71100CF0D38 /* monogradient.fsh in Resources */ = {isa = PBXBuildFile; fileRef = 6E4E872B27DAB71100CF0D38 /* monogradient.fsh */; };
		6E53BA0E282C1BD800B13AEA /* meteor_flames.m4a in Resources */ = {isa = PBXBuildFile; fileRef = 6E53BA0D282C1BAE00B13AEA /* meteor_flames.m4a */; };
		6E53BA0F282C1BD800B13AEA /* meteor_warn.m4a in Resources */ = {isa = PBXBuildFile; fileRef = 6E53BA0C282C1BAE00B13AEA /* meteor_warn.m4a */; };
		6E5B246C27F5B19000D7023F /* GoblinModel.swift in Sources */ = {isa = PBXBuildFile; fileRef = 6E5B246B27F5B19000D7023F /* GoblinModel.swift */; };
		6E5D9A8528FC95770091AC59 /* UILabel.swift in Sources */ = {isa = PBXBuildFile; fileRef = 6E5D9A8428FC95770091AC59 /* UILabel.swift */; };
		6E5ED1652847D85900D5855D /* SpikeArm.sks in Resources */ = {isa = PBXBuildFile; fileRef = 6E5ED1642847D85900D5855D /* SpikeArm.sks */; };
		6E5ED169284801EA00D5855D /* icicle_fall_1.m4a in Resources */ = {isa = PBXBuildFile; fileRef = 6E5ED168284801BE00D5855D /* icicle_fall_1.m4a */; };
		6E5F4DFC290315F3004F354A /* UIButton.swift in Sources */ = {isa = PBXBuildFile; fileRef = 6E5F4DFB290315F3004F354A /* UIButton.swift */; };
		6E5F4DFE29031649004F354A /* UIView.swift in Sources */ = {isa = PBXBuildFile; fileRef = 6E5F4DFD29031649004F354A /* UIView.swift */; };
		6E63CB6827FF2BC300216A43 /* Death.sks in Resources */ = {isa = PBXBuildFile; fileRef = 6E63CB6727FF2BC300216A43 /* Death.sks */; };
		6E6C83AF2845F92000C29A3A /* ice_walls_appear.m4a in Resources */ = {isa = PBXBuildFile; fileRef = 6E6C83AE2845F8F200C29A3A /* ice_walls_appear.m4a */; };
		6E6C83B128461F5F00C29A3A /* item_collect_magnet.m4a in Resources */ = {isa = PBXBuildFile; fileRef = 6E6C83B028461F2F00C29A3A /* item_collect_magnet.m4a */; };
		6E7D26192838D54600C6444B /* Mouth.sks in Resources */ = {isa = PBXBuildFile; fileRef = 6E7D26182838D54600C6444B /* Mouth.sks */; };
		6E8B0FF9282977C80025BDC6 /* Leaf.sks in Resources */ = {isa = PBXBuildFile; fileRef = 6E8B0FF8282977C80025BDC6 /* Leaf.sks */; };
		6E93915C27E11D7500911962 /* bulling.sks in Resources */ = {isa = PBXBuildFile; fileRef = 6E93915B27E11D7500911962 /* bulling.sks */; };
		6E955BBC28F99D09005DFF67 /* DragonsDB+CoreDataClass.swift in Sources */ = {isa = PBXBuildFile; fileRef = 6E955BBA28F99D09005DFF67 /* DragonsDB+CoreDataClass.swift */; };
		6E955BBD28F99D09005DFF67 /* DragonsDB+CoreDataProperties.swift in Sources */ = {isa = PBXBuildFile; fileRef = 6E955BBB28F99D09005DFF67 /* DragonsDB+CoreDataProperties.swift */; };
		6E955BC328F9B70B005DFF67 /* property.plist in Resources */ = {isa = PBXBuildFile; fileRef = 6E955BC228F9B70B005DFF67 /* property.plist */; };
		6E9793C1282E43FD004EB912 /* ballColorFX.sks in Resources */ = {isa = PBXBuildFile; fileRef = 6E9793C0282E43FD004EB912 /* ballColorFX.sks */; };
		6EA174FE27E6BAEC000DA2C9 /* UIImage.swift in Sources */ = {isa = PBXBuildFile; fileRef = 6EA174FD27E6BAEC000DA2C9 /* UIImage.swift */; };
		6EA9DF5628590B51003E5A9E /* flameSword.sks in Resources */ = {isa = PBXBuildFile; fileRef = 6EA9DF5528590B51003E5A9E /* flameSword.sks */; };
		6EA9DF5A285913C0003E5A9E /* AuraFire.sks in Resources */ = {isa = PBXBuildFile; fileRef = 6EA9DF59285913C0003E5A9E /* AuraFire.sks */; };
		6EAB087528EED3DA006AB933 /* egg_hatch_end_common.m4a in Resources */ = {isa = PBXBuildFile; fileRef = 6EAB087428EED3CA006AB933 /* egg_hatch_end_common.m4a */; };
		6EAB087628EED3DA006AB933 /* egg_hatch_start.m4a in Resources */ = {isa = PBXBuildFile; fileRef = 6EAB087328EED3C9006AB933 /* egg_hatch_start.m4a */; };
		6EAB087928EED6F3006AB933 /* SKScene.swift in Sources */ = {isa = PBXBuildFile; fileRef = 6EAB087828EED6F3006AB933 /* SKScene.swift */; };
		6EAEDA6D27F46C09004BCBE2 /* gameIntro.m4a in Resources */ = {isa = PBXBuildFile; fileRef = 6EAEDA6C27F46BF8004BCBE2 /* gameIntro.m4a */; };
		6EAF669828E78D630009D11B /* PersistentContainer.swift in Sources */ = {isa = PBXBuildFile; fileRef = 6EAF669728E78D630009D11B /* PersistentContainer.swift */; };
		6EAF669C28E792F00009D11B /* DataModel.xcdatamodeld in Sources */ = {isa = PBXBuildFile; fileRef = 6EAF669A28E792F00009D11B /* DataModel.xcdatamodeld */; };
		6EAFE8CF27F35A0D001ACBB5 /* boss_alarm.m4a in Resources */ = {isa = PBXBuildFile; fileRef = 6EAFE8CE27F3572F001ACBB5 /* boss_alarm.m4a */; };
		6EB0E3B927F0B47B0013C15E /* changeOptions.m4a in Resources */ = {isa = PBXBuildFile; fileRef = 6EB0E3B827F0B4430013C15E /* changeOptions.m4a */; };
		6EB0E3BF27F1DC560013C15E /* DragonsMenuScene.swift in Sources */ = {isa = PBXBuildFile; fileRef = 6EB0E3BE27F1DC560013C15E /* DragonsMenuScene.swift */; };
		6EB8E8DD29012C6D00AE88F4 /* ManagedDB.swift in Sources */ = {isa = PBXBuildFile; fileRef = 6EB8E8DC29012C6D00AE88F4 /* ManagedDB.swift */; };
		6EC2F9F127F8AC20003F906A /* CustomTableView.swift in Sources */ = {isa = PBXBuildFile; fileRef = 6EC2F9F027F8AC20003F906A /* CustomTableView.swift */; };
		6EC4483E28E0B5F20042589D /* halcon.m4a in Resources */ = {isa = PBXBuildFile; fileRef = 6EC4483D28E0B5DE0042589D /* halcon.m4a */; };
		6ECFF8D328F58D580023907A /* buy_dragonfruit.m4a in Resources */ = {isa = PBXBuildFile; fileRef = 6ECFF8D228F58D3C0023907A /* buy_dragonfruit.m4a */; };
		6ED7611028A578F900C1CD66 /* vfx_jade_attack_4.m4a in Resources */ = {isa = PBXBuildFile; fileRef = 6EAFE8D027F3A309001ACBB5 /* vfx_jade_attack_4.m4a */; };
		6ED7611228A596D300C1CD66 /* CustomCollectionViewEggs.swift in Sources */ = {isa = PBXBuildFile; fileRef = 6ED7611128A596D300C1CD66 /* CustomCollectionViewEggs.swift */; };
		6ED7BA2527D263DC0084361E /* SKTextureAtlas.swift in Sources */ = {isa = PBXBuildFile; fileRef = 6ED7BA2427D263DC0084361E /* SKTextureAtlas.swift */; };
		6ED7BA2727D263FF0084361E /* SKLabelNode.swift in Sources */ = {isa = PBXBuildFile; fileRef = 6ED7BA2627D263FF0084361E /* SKLabelNode.swift */; };
		6ED7BA2927D285B80084361E /* audioblock.mp3 in Resources */ = {isa = PBXBuildFile; fileRef = 6ED7BA2827D285B80084361E /* audioblock.mp3 */; };
		6ED7D34B2844B04C004FBE77 /* README.md in Resources */ = {isa = PBXBuildFile; fileRef = 6ED7D34A2844B04C004FBE77 /* README.md */; };
		6ED7D34D2844B84F004FBE77 /* Launch Screen.storyboard in Resources */ = {isa = PBXBuildFile; fileRef = 6ED7D34C2844B84F004FBE77 /* Launch Screen.storyboard */; };
		6ED7D34F2844D400004FBE77 /* CGFloat.swift in Sources */ = {isa = PBXBuildFile; fileRef = 6ED7D34E2844D400004FBE77 /* CGFloat.swift */; };
		6ED7D3512844D418004FBE77 /* CGPoint.swift in Sources */ = {isa = PBXBuildFile; fileRef = 6ED7D3502844D418004FBE77 /* CGPoint.swift */; };
		6ED7D35628456F44004FBE77 /* snow_roar.m4a in Resources */ = {isa = PBXBuildFile; fileRef = 6ED7D35528456E0A004FBE77 /* snow_roar.m4a */; };
		6ED7D35828457274004FBE77 /* gem_collect.m4a in Resources */ = {isa = PBXBuildFile; fileRef = 6ED7D3572845726B004FBE77 /* gem_collect.m4a */; };
		6EDE7E062900A36800FBB5A8 /* String.swift in Sources */ = {isa = PBXBuildFile; fileRef = 6EDE7E052900A36800FBB5A8 /* String.swift */; };
		6EE854ED282A5CD60069E0BF /* ballMilfred.sks in Resources */ = {isa = PBXBuildFile; fileRef = 6EE854EC282A5CD60069E0BF /* ballMilfred.sks */; };
		6EE854EF282AC3240069E0BF /* boss_tree_attack.m4a in Resources */ = {isa = PBXBuildFile; fileRef = 6EE854EE282AC30E0069E0BF /* boss_tree_attack.m4a */; };
		6EF37A712837805B0040FBB0 /* boss_king_burp.m4a in Resources */ = {isa = PBXBuildFile; fileRef = 6EF37A7028377FBB0040FBB0 /* boss_king_burp.m4a */; };
		6EFD09C528004EC300B35BD8 /* ice-cracking.m4a in Resources */ = {isa = PBXBuildFile; fileRef = 6EFD09C428004EB300B35BD8 /* ice-cracking.m4a */; };
		6EFD09C628004EC300B35BD8 /* owl.m4a in Resources */ = {isa = PBXBuildFile; fileRef = 6E63CB6927FF62F200216A43 /* owl.m4a */; };
		F112A6F81E0EA2B000A5DEE9 /* EndGame.swift in Sources */ = {isa = PBXBuildFile; fileRef = F112A6F71E0EA2B000A5DEE9 /* EndGame.swift */; };
		F112A70A1E16705300A5DEE9 /* Extensions.swift in Sources */ = {isa = PBXBuildFile; fileRef = F112A7091E16705300A5DEE9 /* Extensions.swift */; };
		F16A64601E0C96A000BC8255 /* AppDelegate.swift in Sources */ = {isa = PBXBuildFile; fileRef = F16A645F1E0C96A000BC8255 /* AppDelegate.swift */; };
		F16A64621E0C96A000BC8255 /* ViewController.swift in Sources */ = {isa = PBXBuildFile; fileRef = F16A64611E0C96A000BC8255 /* ViewController.swift */; };
		F16A64671E0C96A000BC8255 /* Assets.xcassets in Resources */ = {isa = PBXBuildFile; fileRef = F16A64661E0C96A000BC8255 /* Assets.xcassets */; };
/* End PBXBuildFile section */

/* Begin PBXFileReference section */
		0C0655D31EE1681D00D38DA3 /* CharacterMenuScene.swift */ = {isa = PBXFileReference; fileEncoding = 4; lastKnownFileType = sourcecode.swift; path = CharacterMenuScene.swift; sourceTree = "<group>"; };
		0C12CD481F0293B9008BA78C /* AccountInfo.swift */ = {isa = PBXFileReference; fileEncoding = 4; lastKnownFileType = sourcecode.swift; path = AccountInfo.swift; sourceTree = "<group>"; };
		0C12CD4E1F0293B9008BA78C /* GameInfo.swift */ = {isa = PBXFileReference; fileEncoding = 4; lastKnownFileType = sourcecode.swift; path = GameInfo.swift; sourceTree = "<group>"; };
		0C12CD4F1F0293B9008BA78C /* Global.swift */ = {isa = PBXFileReference; fileEncoding = 4; lastKnownFileType = sourcecode.swift; path = Global.swift; sourceTree = "<group>"; };
		0C12CD501F0293B9008BA78C /* Map.swift */ = {isa = PBXFileReference; fileEncoding = 4; lastKnownFileType = sourcecode.swift; path = Map.swift; sourceTree = "<group>"; };
		0C12CD511F0293B9008BA78C /* Toon.swift */ = {isa = PBXFileReference; fileEncoding = 4; lastKnownFileType = sourcecode.swift; path = Toon.swift; sourceTree = "<group>"; };
		0C12CD5C1F0293C4008BA78C /* AVAudio.swift */ = {isa = PBXFileReference; fileEncoding = 4; lastKnownFileType = sourcecode.swift; path = AVAudio.swift; sourceTree = "<group>"; };
		0C12CD5D1F0293C4008BA78C /* Currency.swift */ = {isa = PBXFileReference; fileEncoding = 4; lastKnownFileType = sourcecode.swift; path = Currency.swift; sourceTree = "<group>"; };
		0C12CD5E1F0293C4008BA78C /* HUD.swift */ = {isa = PBXFileReference; fileEncoding = 4; lastKnownFileType = sourcecode.swift; path = HUD.swift; sourceTree = "<group>"; };
		0C12CD5F1F0293C4008BA78C /* PhysicsCategory.swift */ = {isa = PBXFileReference; fileEncoding = 4; lastKnownFileType = sourcecode.swift; path = PhysicsCategory.swift; sourceTree = "<group>"; };
		0C12CD601F0293C4008BA78C /* Projectile.swift */ = {isa = PBXFileReference; fileEncoding = 4; lastKnownFileType = sourcecode.swift; path = Projectile.swift; sourceTree = "<group>"; };
		0C12CD681F029433008BA78C /* Bomber.swift */ = {isa = PBXFileReference; fileEncoding = 4; lastKnownFileType = sourcecode.swift; path = Bomber.swift; sourceTree = "<group>"; };
		0C12CD6A1F029433008BA78C /* Pinky.swift */ = {isa = PBXFileReference; fileEncoding = 4; lastKnownFileType = sourcecode.swift; path = Pinky.swift; sourceTree = "<group>"; };
		0C12CD701F029479008BA78C /* Fireball.swift */ = {isa = PBXFileReference; fileEncoding = 4; lastKnownFileType = sourcecode.swift; path = Fireball.swift; sourceTree = "<group>"; };
		0C12CD771F03E304008BA78C /* famifont.ttf */ = {isa = PBXFileReference; lastKnownFileType = file; path = famifont.ttf; sourceTree = "<group>"; };
		0C12CD781F03E304008BA78C /* Quebab-Shadow-ffp.ttf */ = {isa = PBXFileReference; lastKnownFileType = file; path = "Quebab-Shadow-ffp.ttf"; sourceTree = "<group>"; };
		0C12CD811F052772008BA78C /* selectedChar-One.sks */ = {isa = PBXFileReference; lastKnownFileType = file.sks; path = "selectedChar-One.sks"; sourceTree = "<group>"; };
		0C12CD851F05367B008BA78C /* selectedChar-Three.sks */ = {isa = PBXFileReference; lastKnownFileType = file.sks; path = "selectedChar-Three.sks"; sourceTree = "<group>"; };
		0C12CD861F05367B008BA78C /* selectedChar-Two.sks */ = {isa = PBXFileReference; lastKnownFileType = file.sks; path = "selectedChar-Two.sks"; sourceTree = "<group>"; };
		0C12CD8D1F066CCB008BA78C /* Sansani Fonts - Cartwheel.otf */ = {isa = PBXFileReference; lastKnownFileType = file; path = "Sansani Fonts - Cartwheel.otf"; sourceTree = "<group>"; };
		0C12CD8F1F068B00008BA78C /* Infobar.swift */ = {isa = PBXFileReference; fileEncoding = 4; lastKnownFileType = sourcecode.swift; path = Infobar.swift; sourceTree = "<group>"; };
		0C12CD951F0C4CB4008BA78C /* BulletMaker.swift */ = {isa = PBXFileReference; fileEncoding = 4; lastKnownFileType = sourcecode.swift; path = BulletMaker.swift; sourceTree = "<group>"; };
		0C2520C41EC6AC0A00A03400 /* MainScene.swift */ = {isa = PBXFileReference; fileEncoding = 4; lastKnownFileType = sourcecode.swift; path = MainScene.swift; sourceTree = "<group>"; };
		0C363DAB1EF4502C00CAE82F /* CharacterScene.atlas */ = {isa = PBXFileReference; lastKnownFileType = folder.skatlas; path = CharacterScene.atlas; sourceTree = "<group>"; };
		0C363DAC1EF4502C00CAE82F /* Enemy.atlas */ = {isa = PBXFileReference; lastKnownFileType = folder.skatlas; path = Enemy.atlas; sourceTree = "<group>"; };
		0C363DAD1EF4502C00CAE82F /* GUI.atlas */ = {isa = PBXFileReference; lastKnownFileType = folder.skatlas; path = GUI.atlas; sourceTree = "<group>"; };
		0C363DAE1EF4502C00CAE82F /* HUD.atlas */ = {isa = PBXFileReference; lastKnownFileType = folder.skatlas; path = HUD.atlas; sourceTree = "<group>"; };
		0C363DAF1EF4502C00CAE82F /* Items.atlas */ = {isa = PBXFileReference; lastKnownFileType = folder.skatlas; path = Items.atlas; sourceTree = "<group>"; };
		0C363DB01EF4502C00CAE82F /* mainmenu.atlas */ = {isa = PBXFileReference; lastKnownFileType = folder.skatlas; path = mainmenu.atlas; sourceTree = "<group>"; };
		0C363DB11EF4502C00CAE82F /* Map.atlas */ = {isa = PBXFileReference; lastKnownFileType = folder.skatlas; path = Map.atlas; sourceTree = "<group>"; };
		0C363DB21EF4502C00CAE82F /* Player.atlas */ = {isa = PBXFileReference; lastKnownFileType = folder.skatlas; path = Player.atlas; sourceTree = "<group>"; };
		0C363DDC1EF4AA7800CAE82F /* trail.sks */ = {isa = PBXFileReference; lastKnownFileType = file.sks; path = trail.sks; sourceTree = "<group>"; };
		0CB6F24B1F15EBCC00BE6AFD /* Enemy.swift */ = {isa = PBXFileReference; lastKnownFileType = sourcecode.swift; path = Enemy.swift; sourceTree = "<group>"; };
		0CD399A01F185C9000B7AC4C /* EnemyModel.swift */ = {isa = PBXFileReference; lastKnownFileType = sourcecode.swift; path = EnemyModel.swift; sourceTree = "<group>"; };
		6E13E78428ED902A00C4844B /* Score+CoreDataClass.swift */ = {isa = PBXFileReference; lastKnownFileType = sourcecode.swift; path = "Score+CoreDataClass.swift"; sourceTree = "<group>"; };
		6E13E78628ED902C00C4844B /* Settings+CoreDataProperties.swift */ = {isa = PBXFileReference; lastKnownFileType = sourcecode.swift; path = "Settings+CoreDataProperties.swift"; sourceTree = "<group>"; };
		6E13E78728ED902E00C4844B /* Settings+CoreDataClass.swift */ = {isa = PBXFileReference; lastKnownFileType = sourcecode.swift; path = "Settings+CoreDataClass.swift"; sourceTree = "<group>"; };
		6E13E78928ED903000C4844B /* Score+CoreDataProperties.swift */ = {isa = PBXFileReference; lastKnownFileType = sourcecode.swift; path = "Score+CoreDataProperties.swift"; sourceTree = "<group>"; };
		6E13E79428ED9DE300C4844B /* EggsDB+CoreDataClass.swift */ = {isa = PBXFileReference; lastKnownFileType = sourcecode.swift; path = "EggsDB+CoreDataClass.swift"; sourceTree = "<group>"; };
		6E13E79528ED9DE300C4844B /* EggsDB+CoreDataProperties.swift */ = {isa = PBXFileReference; lastKnownFileType = sourcecode.swift; path = "EggsDB+CoreDataProperties.swift"; sourceTree = "<group>"; };
		6E13E7A828EDDF3C00C4844B /* BuyDragon.swift */ = {isa = PBXFileReference; lastKnownFileType = sourcecode.swift; path = BuyDragon.swift; sourceTree = "<group>"; };
		6E18F67827D9439F00354BC1 /* puff.m4a */ = {isa = PBXFileReference; lastKnownFileType = file; path = puff.m4a; sourceTree = "<group>"; };
		6E18F67927D9439F00354BC1 /* getcoin.m4a */ = {isa = PBXFileReference; lastKnownFileType = file; path = getcoin.m4a; sourceTree = "<group>"; };
		6E18F67A27D94AB600354BC1 /* SKEmitterNode.swift */ = {isa = PBXFileReference; lastKnownFileType = sourcecode.swift; path = SKEmitterNode.swift; sourceTree = "<group>"; };
		6E2B71EC284D4C750090FF19 /* Assets.xcassets */ = {isa = PBXFileReference; lastKnownFileType = folder.assetcatalog; path = Assets.xcassets; sourceTree = "<group>"; };
		6E3ADF8627FC8B8E0007C2C4 /* getClover.m4a */ = {isa = PBXFileReference; lastKnownFileType = file; path = getClover.m4a; sourceTree = "<group>"; };
		6E3ADF8827FC8FD20007C2C4 /* player_death.m4a */ = {isa = PBXFileReference; lastKnownFileType = file; path = player_death.m4a; sourceTree = "<group>"; };
		6E3ADF8A27FC93AE0007C2C4 /* result_coin.m4a */ = {isa = PBXFileReference; lastKnownFileType = file; path = result_coin.m4a; sourceTree = "<group>"; };
		6E3B3A5327E5044100D21BED /* userinfo.plist */ = {isa = PBXFileReference; lastKnownFileType = text.plist.xml; path = userinfo.plist; sourceTree = "<group>"; };
		6E4E870D27DA269B00CF0D38 /* tictack.m4a */ = {isa = PBXFileReference; lastKnownFileType = file; path = tictack.m4a; sourceTree = "<group>"; };
		6E4E872727DAA5EC00CF0D38 /* UIColor.swift */ = {isa = PBXFileReference; lastKnownFileType = sourcecode.swift; path = UIColor.swift; sourceTree = "<group>"; };
		6E4E872927DAAD3C00CF0D38 /* gradient.fsh */ = {isa = PBXFileReference; lastKnownFileType = sourcecode.glsl; path = gradient.fsh; sourceTree = "<group>"; };
		6E4E872B27DAB71100CF0D38 /* monogradient.fsh */ = {isa = PBXFileReference; lastKnownFileType = sourcecode.glsl; path = monogradient.fsh; sourceTree = "<group>"; };
		6E53BA0C282C1BAE00B13AEA /* meteor_warn.m4a */ = {isa = PBXFileReference; lastKnownFileType = file; path = meteor_warn.m4a; sourceTree = "<group>"; };
		6E53BA0D282C1BAE00B13AEA /* meteor_flames.m4a */ = {isa = PBXFileReference; lastKnownFileType = file; path = meteor_flames.m4a; sourceTree = "<group>"; };
		6E5B246B27F5B19000D7023F /* GoblinModel.swift */ = {isa = PBXFileReference; lastKnownFileType = sourcecode.swift; path = GoblinModel.swift; sourceTree = "<group>"; };
		6E5D9A8428FC95770091AC59 /* UILabel.swift */ = {isa = PBXFileReference; lastKnownFileType = sourcecode.swift; path = UILabel.swift; sourceTree = "<group>"; };
		6E5ED1642847D85900D5855D /* SpikeArm.sks */ = {isa = PBXFileReference; lastKnownFileType = file.sks; path = SpikeArm.sks; sourceTree = "<group>"; };
		6E5ED168284801BE00D5855D /* icicle_fall_1.m4a */ = {isa = PBXFileReference; lastKnownFileType = file; path = icicle_fall_1.m4a; sourceTree = "<group>"; };
		6E5F4DFB290315F3004F354A /* UIButton.swift */ = {isa = PBXFileReference; lastKnownFileType = sourcecode.swift; path = UIButton.swift; sourceTree = "<group>"; };
		6E5F4DFD29031649004F354A /* UIView.swift */ = {isa = PBXFileReference; lastKnownFileType = sourcecode.swift; path = UIView.swift; sourceTree = "<group>"; };
		6E63CB6727FF2BC300216A43 /* Death.sks */ = {isa = PBXFileReference; lastKnownFileType = file.sks; path = Death.sks; sourceTree = "<group>"; };
		6E63CB6927FF62F200216A43 /* owl.m4a */ = {isa = PBXFileReference; lastKnownFileType = file; path = owl.m4a; sourceTree = "<group>"; };
		6E6C83AE2845F8F200C29A3A /* ice_walls_appear.m4a */ = {isa = PBXFileReference; lastKnownFileType = file; path = ice_walls_appear.m4a; sourceTree = "<group>"; };
		6E6C83B028461F2F00C29A3A /* item_collect_magnet.m4a */ = {isa = PBXFileReference; lastKnownFileType = file; path = item_collect_magnet.m4a; sourceTree = "<group>"; };
		6E7D26182838D54600C6444B /* Mouth.sks */ = {isa = PBXFileReference; lastKnownFileType = file.sks; path = Mouth.sks; sourceTree = "<group>"; };
		6E8B0FF8282977C80025BDC6 /* Leaf.sks */ = {isa = PBXFileReference; lastKnownFileType = file.sks; path = Leaf.sks; sourceTree = "<group>"; };
		6E93915B27E11D7500911962 /* bulling.sks */ = {isa = PBXFileReference; lastKnownFileType = file.sks; path = bulling.sks; sourceTree = "<group>"; };
		6E955BBA28F99D09005DFF67 /* DragonsDB+CoreDataClass.swift */ = {isa = PBXFileReference; lastKnownFileType = sourcecode.swift; path = "DragonsDB+CoreDataClass.swift"; sourceTree = "<group>"; };
		6E955BBB28F99D09005DFF67 /* DragonsDB+CoreDataProperties.swift */ = {isa = PBXFileReference; lastKnownFileType = sourcecode.swift; path = "DragonsDB+CoreDataProperties.swift"; sourceTree = "<group>"; };
		6E955BC228F9B70B005DFF67 /* property.plist */ = {isa = PBXFileReference; lastKnownFileType = text.plist.xml; path = property.plist; sourceTree = "<group>"; };
		6E9793C0282E43FD004EB912 /* ballColorFX.sks */ = {isa = PBXFileReference; lastKnownFileType = file.sks; path = ballColorFX.sks; sourceTree = "<group>"; };
		6EA174FD27E6BAEC000DA2C9 /* UIImage.swift */ = {isa = PBXFileReference; lastKnownFileType = sourcecode.swift; path = UIImage.swift; sourceTree = "<group>"; };
		6EA9DF5528590B51003E5A9E /* flameSword.sks */ = {isa = PBXFileReference; lastKnownFileType = file.sks; path = flameSword.sks; sourceTree = "<group>"; };
		6EA9DF59285913C0003E5A9E /* AuraFire.sks */ = {isa = PBXFileReference; lastKnownFileType = file.sks; path = AuraFire.sks; sourceTree = "<group>"; };
		6EAB087328EED3C9006AB933 /* egg_hatch_start.m4a */ = {isa = PBXFileReference; lastKnownFileType = file; path = egg_hatch_start.m4a; sourceTree = "<group>"; };
		6EAB087428EED3CA006AB933 /* egg_hatch_end_common.m4a */ = {isa = PBXFileReference; lastKnownFileType = file; path = egg_hatch_end_common.m4a; sourceTree = "<group>"; };
		6EAB087828EED6F3006AB933 /* SKScene.swift */ = {isa = PBXFileReference; lastKnownFileType = sourcecode.swift; path = SKScene.swift; sourceTree = "<group>"; };
		6EAEDA6C27F46BF8004BCBE2 /* gameIntro.m4a */ = {isa = PBXFileReference; lastKnownFileType = file; path = gameIntro.m4a; sourceTree = "<group>"; };
		6EAF669728E78D630009D11B /* PersistentContainer.swift */ = {isa = PBXFileReference; lastKnownFileType = sourcecode.swift; path = PersistentContainer.swift; sourceTree = "<group>"; };
		6EAF669B28E792F00009D11B /* DataModel.xcdatamodel */ = {isa = PBXFileReference; lastKnownFileType = wrapper.xcdatamodel; path = DataModel.xcdatamodel; sourceTree = "<group>"; };
		6EAFE8CE27F3572F001ACBB5 /* boss_alarm.m4a */ = {isa = PBXFileReference; lastKnownFileType = file; path = boss_alarm.m4a; sourceTree = "<group>"; };
		6EAFE8D027F3A309001ACBB5 /* vfx_jade_attack_4.m4a */ = {isa = PBXFileReference; lastKnownFileType = file; path = vfx_jade_attack_4.m4a; sourceTree = "<group>"; };
		6EB0E3B827F0B4430013C15E /* changeOptions.m4a */ = {isa = PBXFileReference; lastKnownFileType = file; path = changeOptions.m4a; sourceTree = "<group>"; };
		6EB0E3BE27F1DC560013C15E /* DragonsMenuScene.swift */ = {isa = PBXFileReference; lastKnownFileType = sourcecode.swift; path = DragonsMenuScene.swift; sourceTree = "<group>"; };
		6EB8E8DC29012C6D00AE88F4 /* ManagedDB.swift */ = {isa = PBXFileReference; lastKnownFileType = sourcecode.swift; path = ManagedDB.swift; sourceTree = "<group>"; };
		6EC2F9F027F8AC20003F906A /* CustomTableView.swift */ = {isa = PBXFileReference; lastKnownFileType = sourcecode.swift; path = CustomTableView.swift; sourceTree = "<group>"; };
		6EC4483D28E0B5DE0042589D /* halcon.m4a */ = {isa = PBXFileReference; lastKnownFileType = file; path = halcon.m4a; sourceTree = "<group>"; };
		6ECFF8D228F58D3C0023907A /* buy_dragonfruit.m4a */ = {isa = PBXFileReference; lastKnownFileType = file; path = buy_dragonfruit.m4a; sourceTree = "<group>"; };
		6ED7611128A596D300C1CD66 /* CustomCollectionViewEggs.swift */ = {isa = PBXFileReference; lastKnownFileType = sourcecode.swift; name = CustomCollectionViewEggs.swift; path = ../../../../../../../Applications/CustomCollectionViewEggs.swift; sourceTree = "<group>"; };
		6ED7BA2427D263DC0084361E /* SKTextureAtlas.swift */ = {isa = PBXFileReference; lastKnownFileType = sourcecode.swift; path = SKTextureAtlas.swift; sourceTree = "<group>"; };
		6ED7BA2627D263FF0084361E /* SKLabelNode.swift */ = {isa = PBXFileReference; lastKnownFileType = sourcecode.swift; path = SKLabelNode.swift; sourceTree = "<group>"; };
		6ED7BA2827D285B80084361E /* audioblock.mp3 */ = {isa = PBXFileReference; lastKnownFileType = audio.mp3; path = audioblock.mp3; sourceTree = "<group>"; };
		6ED7D34A2844B04C004FBE77 /* README.md */ = {isa = PBXFileReference; fileEncoding = 4; lastKnownFileType = net.daringfireball.markdown; path = README.md; sourceTree = "<group>"; };
		6ED7D34C2844B84F004FBE77 /* Launch Screen.storyboard */ = {isa = PBXFileReference; lastKnownFileType = file.storyboard; path = "Launch Screen.storyboard"; sourceTree = "<group>"; };
		6ED7D34E2844D400004FBE77 /* CGFloat.swift */ = {isa = PBXFileReference; lastKnownFileType = sourcecode.swift; path = CGFloat.swift; sourceTree = "<group>"; };
		6ED7D3502844D418004FBE77 /* CGPoint.swift */ = {isa = PBXFileReference; lastKnownFileType = sourcecode.swift; path = CGPoint.swift; sourceTree = "<group>"; };
		6ED7D35528456E0A004FBE77 /* snow_roar.m4a */ = {isa = PBXFileReference; lastKnownFileType = file; path = snow_roar.m4a; sourceTree = "<group>"; };
		6ED7D3572845726B004FBE77 /* gem_collect.m4a */ = {isa = PBXFileReference; lastKnownFileType = file; path = gem_collect.m4a; sourceTree = "<group>"; };
		6EDE7E052900A36800FBB5A8 /* String.swift */ = {isa = PBXFileReference; lastKnownFileType = sourcecode.swift; path = String.swift; sourceTree = "<group>"; };
		6EE854EC282A5CD60069E0BF /* ballMilfred.sks */ = {isa = PBXFileReference; lastKnownFileType = file.sks; path = ballMilfred.sks; sourceTree = "<group>"; };
		6EE854EE282AC30E0069E0BF /* boss_tree_attack.m4a */ = {isa = PBXFileReference; lastKnownFileType = file; path = boss_tree_attack.m4a; sourceTree = "<group>"; };
		6EF37A7028377FBB0040FBB0 /* boss_king_burp.m4a */ = {isa = PBXFileReference; lastKnownFileType = file; path = boss_king_burp.m4a; sourceTree = "<group>"; };
		6EFD09C428004EB300B35BD8 /* ice-cracking.m4a */ = {isa = PBXFileReference; lastKnownFileType = file; path = "ice-cracking.m4a"; sourceTree = "<group>"; };
		F112A6F71E0EA2B000A5DEE9 /* EndGame.swift */ = {isa = PBXFileReference; fileEncoding = 4; lastKnownFileType = sourcecode.swift; path = EndGame.swift; sourceTree = "<group>"; };
		F112A7091E16705300A5DEE9 /* Extensions.swift */ = {isa = PBXFileReference; fileEncoding = 4; lastKnownFileType = sourcecode.swift; path = Extensions.swift; sourceTree = "<group>"; };
		F16A645C1E0C96A000BC8255 /* EverWing.app */ = {isa = PBXFileReference; explicitFileType = wrapper.application; includeInIndex = 0; path = EverWing.app; sourceTree = BUILT_PRODUCTS_DIR; };
		F16A645F1E0C96A000BC8255 /* AppDelegate.swift */ = {isa = PBXFileReference; lastKnownFileType = sourcecode.swift; path = AppDelegate.swift; sourceTree = "<group>"; };
		F16A64611E0C96A000BC8255 /* ViewController.swift */ = {isa = PBXFileReference; lastKnownFileType = sourcecode.swift; path = ViewController.swift; sourceTree = "<group>"; };
		F16A64661E0C96A000BC8255 /* Assets.xcassets */ = {isa = PBXFileReference; lastKnownFileType = folder.assetcatalog; path = Assets.xcassets; sourceTree = "<group>"; };
		F16A646B1E0C96A000BC8255 /* Info.plist */ = {isa = PBXFileReference; lastKnownFileType = text.plist.xml; path = Info.plist; sourceTree = "<group>"; };
/* End PBXFileReference section */

/* Begin PBXFrameworksBuildPhase section */
		F16A64591E0C96A000BC8255 /* Frameworks */ = {
			isa = PBXFrameworksBuildPhase;
			buildActionMask = 2147483647;
			files = (
			);
			runOnlyForDeploymentPostprocessing = 0;
		};
/* End PBXFrameworksBuildPhase section */

/* Begin PBXGroup section */
		0C12CD471F0293B9008BA78C /* Classes */ = {
			isa = PBXGroup;
			children = (
				0C12CD661F029433008BA78C /* Enemy */,
				0C12CD4E1F0293B9008BA78C /* GameInfo.swift */,
				0C12CD481F0293B9008BA78C /* AccountInfo.swift */,
				0C12CD4F1F0293B9008BA78C /* Global.swift */,
				0C12CD501F0293B9008BA78C /* Map.swift */,
				0C12CD511F0293B9008BA78C /* Toon.swift */,
				0C12CD8F1F068B00008BA78C /* Infobar.swift */,
				0C12CD951F0C4CB4008BA78C /* BulletMaker.swift */,
				6EC2F9F027F8AC20003F906A /* CustomTableView.swift */,
				6EB8E8DC29012C6D00AE88F4 /* ManagedDB.swift */,
			);
			path = Classes;
			sourceTree = "<group>";
		};
		0C12CD5B1F0293C4008BA78C /* Structs */ = {
			isa = PBXGroup;
			children = (
				0C12CD5C1F0293C4008BA78C /* AVAudio.swift */,
				0C12CD5D1F0293C4008BA78C /* Currency.swift */,
				0C12CD5E1F0293C4008BA78C /* HUD.swift */,
				0C12CD5F1F0293C4008BA78C /* PhysicsCategory.swift */,
				0C12CD601F0293C4008BA78C /* Projectile.swift */,
				6EAF669728E78D630009D11B /* PersistentContainer.swift */,
			);
			path = Structs;
			sourceTree = "<group>";
		};
		0C12CD661F029433008BA78C /* Enemy */ = {
			isa = PBXGroup;
			children = (
				0C12CD671F029433008BA78C /* Boss */,
				0C12CD701F029479008BA78C /* Fireball.swift */,
				0CD399A01F185C9000B7AC4C /* EnemyModel.swift */,
				0CB6F24B1F15EBCC00BE6AFD /* Enemy.swift */,
				6ED7611128A596D300C1CD66 /* CustomCollectionViewEggs.swift */,
			);
			path = Enemy;
			sourceTree = "<group>";
		};
		0C12CD671F029433008BA78C /* Boss */ = {
			isa = PBXGroup;
			children = (
				0C12CD681F029433008BA78C /* Bomber.swift */,
				0C12CD6A1F029433008BA78C /* Pinky.swift */,
				6E5B246B27F5B19000D7023F /* GoblinModel.swift */,
			);
			path = Boss;
			sourceTree = "<group>";
		};
		0C12CD761F03E304008BA78C /* Fonts */ = {
			isa = PBXGroup;
			children = (
				0C12CD771F03E304008BA78C /* famifont.ttf */,
				0C12CD8D1F066CCB008BA78C /* Sansani Fonts - Cartwheel.otf */,
				0C12CD781F03E304008BA78C /* Quebab-Shadow-ffp.ttf */,
			);
			path = Fonts;
			sourceTree = "<group>";
		};
		0C363DA61EF4502C00CAE82F /* Resources */ = {
			isa = PBXGroup;
			children = (
				6E18F67727D942B800354BC1 /* SoundEffects */,
				0C12CD761F03E304008BA78C /* Fonts */,
				0C363DDA1EF4AA7800CAE82F /* SKS */,
				0C363DA91EF4502C00CAE82F /* Images */,
			);
			path = Resources;
			sourceTree = "<group>";
		};
		0C363DA91EF4502C00CAE82F /* Images */ = {
			isa = PBXGroup;
			children = (
				0C363DAA1EF4502C00CAE82F /* Atlas */,
			);
			path = Images;
			sourceTree = "<group>";
		};
		0C363DAA1EF4502C00CAE82F /* Atlas */ = {
			isa = PBXGroup;
			children = (
				0C363DAB1EF4502C00CAE82F /* CharacterScene.atlas */,
				0C363DAC1EF4502C00CAE82F /* Enemy.atlas */,
				0C363DAD1EF4502C00CAE82F /* GUI.atlas */,
				0C363DAE1EF4502C00CAE82F /* HUD.atlas */,
				0C363DAF1EF4502C00CAE82F /* Items.atlas */,
				0C363DB01EF4502C00CAE82F /* mainmenu.atlas */,
				0C363DB11EF4502C00CAE82F /* Map.atlas */,
				0C363DB21EF4502C00CAE82F /* Player.atlas */,
			);
			path = Atlas;
			sourceTree = "<group>";
		};
		0C363DDA1EF4AA7800CAE82F /* SKS */ = {
			isa = PBXGroup;
			children = (
				6E2B71EC284D4C750090FF19 /* Assets.xcassets */,
				6E93915B27E11D7500911962 /* bulling.sks */,
				0C12CD811F052772008BA78C /* selectedChar-One.sks */,
				0C12CD861F05367B008BA78C /* selectedChar-Two.sks */,
				0C12CD851F05367B008BA78C /* selectedChar-Three.sks */,
				0C363DDC1EF4AA7800CAE82F /* trail.sks */,
				6E63CB6727FF2BC300216A43 /* Death.sks */,
				6E8B0FF8282977C80025BDC6 /* Leaf.sks */,
				6EE854EC282A5CD60069E0BF /* ballMilfred.sks */,
				6E9793C0282E43FD004EB912 /* ballColorFX.sks */,
				6E7D26182838D54600C6444B /* Mouth.sks */,
				6E5ED1642847D85900D5855D /* SpikeArm.sks */,
				6EA9DF5528590B51003E5A9E /* flameSword.sks */,
				6EA9DF59285913C0003E5A9E /* AuraFire.sks */,
			);
			path = SKS;
			sourceTree = "<group>";
		};
		6E18F67727D942B800354BC1 /* SoundEffects */ = {
			isa = PBXGroup;
			children = (
				6ECFF8D228F58D3C0023907A /* buy_dragonfruit.m4a */,
				6EAB087428EED3CA006AB933 /* egg_hatch_end_common.m4a */,
				6EAB087328EED3C9006AB933 /* egg_hatch_start.m4a */,
				6EC4483D28E0B5DE0042589D /* halcon.m4a */,
				6E5ED168284801BE00D5855D /* icicle_fall_1.m4a */,
				6E6C83B028461F2F00C29A3A /* item_collect_magnet.m4a */,
				6E6C83AE2845F8F200C29A3A /* ice_walls_appear.m4a */,
				6ED7D3572845726B004FBE77 /* gem_collect.m4a */,
				6ED7D35528456E0A004FBE77 /* snow_roar.m4a */,
				6EF37A7028377FBB0040FBB0 /* boss_king_burp.m4a */,
				6E53BA0D282C1BAE00B13AEA /* meteor_flames.m4a */,
				6E53BA0C282C1BAE00B13AEA /* meteor_warn.m4a */,
				6EE854EE282AC30E0069E0BF /* boss_tree_attack.m4a */,
				6EFD09C428004EB300B35BD8 /* ice-cracking.m4a */,
				6E63CB6927FF62F200216A43 /* owl.m4a */,
				6ED7BA2827D285B80084361E /* audioblock.mp3 */,
				6E3ADF8A27FC93AE0007C2C4 /* result_coin.m4a */,
				6E3ADF8827FC8FD20007C2C4 /* player_death.m4a */,
				6E3ADF8627FC8B8E0007C2C4 /* getClover.m4a */,
				6EAEDA6C27F46BF8004BCBE2 /* gameIntro.m4a */,
				6EAFE8D027F3A309001ACBB5 /* vfx_jade_attack_4.m4a */,
				6EAFE8CE27F3572F001ACBB5 /* boss_alarm.m4a */,
				6EB0E3B827F0B4430013C15E /* changeOptions.m4a */,
				6E4E870D27DA269B00CF0D38 /* tictack.m4a */,
				6E18F67927D9439F00354BC1 /* getcoin.m4a */,
				6E18F67827D9439F00354BC1 /* puff.m4a */,
			);
			path = SoundEffects;
			sourceTree = "<group>";
		};
		6ED7BA2127D2636A0084361E /* Extension */ = {
			isa = PBXGroup;
			children = (
				6ED7BA2627D263FF0084361E /* SKLabelNode.swift */,
				6E18F67A27D94AB600354BC1 /* SKEmitterNode.swift */,
				6E4E872727DAA5EC00CF0D38 /* UIColor.swift */,
				6EA174FD27E6BAEC000DA2C9 /* UIImage.swift */,
				6ED7D34E2844D400004FBE77 /* CGFloat.swift */,
				6ED7D3502844D418004FBE77 /* CGPoint.swift */,
				6EAB087828EED6F3006AB933 /* SKScene.swift */,
				6E5D9A8428FC95770091AC59 /* UILabel.swift */,
				6EDE7E052900A36800FBB5A8 /* String.swift */,
				6E5F4DFB290315F3004F354A /* UIButton.swift */,
				6E5F4DFD29031649004F354A /* UIView.swift */,
			);
			path = Extension;
			sourceTree = "<group>";
		};
		F16A64531E0C969F00BC8255 = {
			isa = PBXGroup;
			children = (
				6E955BC228F9B70B005DFF67 /* property.plist */,
				6E955BBA28F99D09005DFF67 /* DragonsDB+CoreDataClass.swift */,
				6E955BBB28F99D09005DFF67 /* DragonsDB+CoreDataProperties.swift */,
				6E13E79428ED9DE300C4844B /* EggsDB+CoreDataClass.swift */,
				6E13E79528ED9DE300C4844B /* EggsDB+CoreDataProperties.swift */,
				6E13E78728ED902E00C4844B /* Settings+CoreDataClass.swift */,
				6E13E78428ED902A00C4844B /* Score+CoreDataClass.swift */,
				6E13E78928ED903000C4844B /* Score+CoreDataProperties.swift */,
				6E13E78628ED902C00C4844B /* Settings+CoreDataProperties.swift */,
				6EAF669A28E792F00009D11B /* DataModel.xcdatamodeld */,
				6ED7D34C2844B84F004FBE77 /* Launch Screen.storyboard */,
				6ED7D34A2844B04C004FBE77 /* README.md */,
				6E4E872B27DAB71100CF0D38 /* monogradient.fsh */,
				6E4E872927DAAD3C00CF0D38 /* gradient.fsh */,
				F16A645E1E0C96A000BC8255 /* EverWing */,
				F16A645D1E0C96A000BC8255 /* Products */,
			);
			sourceTree = "<group>";
		};
		F16A645D1E0C96A000BC8255 /* Products */ = {
			isa = PBXGroup;
			children = (
				F16A645C1E0C96A000BC8255 /* EverWing.app */,
			);
			name = Products;
			sourceTree = "<group>";
		};
		F16A645E1E0C96A000BC8255 /* EverWing */ = {
			isa = PBXGroup;
			children = (
				6ED7BA2127D2636A0084361E /* Extension */,
				0C363DA61EF4502C00CAE82F /* Resources */,
				0C12CD471F0293B9008BA78C /* Classes */,
				0C12CD5B1F0293C4008BA78C /* Structs */,
				F16A645F1E0C96A000BC8255 /* AppDelegate.swift */,
				6E13E7A828EDDF3C00C4844B /* BuyDragon.swift */,
				0C2520C41EC6AC0A00A03400 /* MainScene.swift */,
				0C0655D31EE1681D00D38DA3 /* CharacterMenuScene.swift */,
				F112A6F71E0EA2B000A5DEE9 /* EndGame.swift */,
				F16A64611E0C96A000BC8255 /* ViewController.swift */,
				F112A7091E16705300A5DEE9 /* Extensions.swift */,
				6ED7BA2427D263DC0084361E /* SKTextureAtlas.swift */,
				6EB0E3BE27F1DC560013C15E /* DragonsMenuScene.swift */,
				F16A64661E0C96A000BC8255 /* Assets.xcassets */,
				F16A646B1E0C96A000BC8255 /* Info.plist */,
				6E3B3A5327E5044100D21BED /* userinfo.plist */,
			);
			path = EverWing;
			sourceTree = "<group>";
		};
/* End PBXGroup section */

/* Begin PBXNativeTarget section */
		F16A645B1E0C96A000BC8255 /* EverWing */ = {
			isa = PBXNativeTarget;
			buildConfigurationList = F16A646E1E0C96A000BC8255 /* Build configuration list for PBXNativeTarget "EverWing" */;
			buildPhases = (
				F16A64581E0C96A000BC8255 /* Sources */,
				F16A64591E0C96A000BC8255 /* Frameworks */,
				F16A645A1E0C96A000BC8255 /* Resources */,
			);
			buildRules = (
			);
			dependencies = (
			);
			name = EverWing;
			productName = "Angelica Fighti";
			productReference = F16A645C1E0C96A000BC8255 /* EverWing.app */;
			productType = "com.apple.product-type.application";
		};
/* End PBXNativeTarget section */

/* Begin PBXProject section */
		F16A64541E0C969F00BC8255 /* Project object */ = {
			isa = PBXProject;
			attributes = {
				LastSwiftUpdateCheck = 0810;
				LastUpgradeCheck = 1320;
				ORGANIZATIONNAME = P.Cebrian;
				TargetAttributes = {
					F16A645B1E0C96A000BC8255 = {
						CreatedOnToolsVersion = 8.1;
						DevelopmentTeam = 9DQ85YJ434;
						LastSwiftMigration = 1320;
						ProvisioningStyle = Automatic;
					};
				};
			};
			buildConfigurationList = F16A64571E0C969F00BC8255 /* Build configuration list for PBXProject "EverWing" */;
			compatibilityVersion = "Xcode 3.2";
			developmentRegion = en;
			hasScannedForEncodings = 0;
			knownRegions = (
				en,
				Base,
			);
			mainGroup = F16A64531E0C969F00BC8255;
			productRefGroup = F16A645D1E0C96A000BC8255 /* Products */;
			projectDirPath = "";
			projectRoot = "";
			targets = (
				F16A645B1E0C96A000BC8255 /* EverWing */,
			);
		};
/* End PBXProject section */

/* Begin PBXResourcesBuildPhase section */
		F16A645A1E0C96A000BC8255 /* Resources */ = {
			isa = PBXResourcesBuildPhase;
			buildActionMask = 2147483647;
			files = (
				6ECFF8D328F58D580023907A /* buy_dragonfruit.m4a in Resources */,
				6EAB087528EED3DA006AB933 /* egg_hatch_end_common.m4a in Resources */,
				6EAB087628EED3DA006AB933 /* egg_hatch_start.m4a in Resources */,
				6EC4483E28E0B5F20042589D /* halcon.m4a in Resources */,
				6ED7611028A578F900C1CD66 /* vfx_jade_attack_4.m4a in Resources */,
				6E5ED169284801EA00D5855D /* icicle_fall_1.m4a in Resources */,
				6E6C83B128461F5F00C29A3A /* item_collect_magnet.m4a in Resources */,
				6E6C83AF2845F92000C29A3A /* ice_walls_appear.m4a in Resources */,
				6ED7D35828457274004FBE77 /* gem_collect.m4a in Resources */,
				6ED7D35628456F44004FBE77 /* snow_roar.m4a in Resources */,
				6EF37A712837805B0040FBB0 /* boss_king_burp.m4a in Resources */,
				6E2B71ED284D4C750090FF19 /* Assets.xcassets in Resources */,
				6E53BA0E282C1BD800B13AEA /* meteor_flames.m4a in Resources */,
				6E53BA0F282C1BD800B13AEA /* meteor_warn.m4a in Resources */,
				6EE854EF282AC3240069E0BF /* boss_tree_attack.m4a in Resources */,
				6E5ED1652847D85900D5855D /* SpikeArm.sks in Resources */,
				6EFD09C528004EC300B35BD8 /* ice-cracking.m4a in Resources */,
				6EFD09C628004EC300B35BD8 /* owl.m4a in Resources */,
				6E3ADF8B27FC93B50007C2C4 /* result_coin.m4a in Resources */,
				6E3ADF8927FC8FDC0007C2C4 /* player_death.m4a in Resources */,
				6E3ADF8727FC8B980007C2C4 /* getClover.m4a in Resources */,
				6EAEDA6D27F46C09004BCBE2 /* gameIntro.m4a in Resources */,
				6EAFE8CF27F35A0D001ACBB5 /* boss_alarm.m4a in Resources */,
				6ED7D34B2844B04C004FBE77 /* README.md in Resources */,
				6E955BC328F9B70B005DFF67 /* property.plist in Resources */,
				6EB0E3B927F0B47B0013C15E /* changeOptions.m4a in Resources */,
				6E8B0FF9282977C80025BDC6 /* Leaf.sks in Resources */,
				6E63CB6827FF2BC300216A43 /* Death.sks in Resources */,
				6E4E870E27DA26AD00CF0D38 /* tictack.m4a in Resources */,
				6E4E870927DA22FB00CF0D38 /* getcoin.m4a in Resources */,
				6E7D26192838D54600C6444B /* Mouth.sks in Resources */,
				6E4E870A27DA22FB00CF0D38 /* puff.m4a in Resources */,
				6EA9DF5A285913C0003E5A9E /* AuraFire.sks in Resources */,
				0C363DC31EF4502C00CAE82F /* CharacterScene.atlas in Resources */,
				6E93915C27E11D7500911962 /* bulling.sks in Resources */,
				6ED7BA2927D285B80084361E /* audioblock.mp3 in Resources */,
				0C12CD871F05367B008BA78C /* selectedChar-Three.sks in Resources */,
				0C363DC41EF4502C00CAE82F /* Enemy.atlas in Resources */,
				F16A64671E0C96A000BC8255 /* Assets.xcassets in Resources */,
				6E4E872C27DAB71100CF0D38 /* monogradient.fsh in Resources */,
				0C12CD791F03E304008BA78C /* famifont.ttf in Resources */,
				0C363DDE1EF4AA7800CAE82F /* trail.sks in Resources */,
				0C363DC71EF4502C00CAE82F /* Items.atlas in Resources */,
				0C363DC91EF4502C00CAE82F /* Map.atlas in Resources */,
				0C12CD881F05367B008BA78C /* selectedChar-Two.sks in Resources */,
				0C363DC81EF4502C00CAE82F /* mainmenu.atlas in Resources */,
				6E3B3A5427E5044100D21BED /* userinfo.plist in Resources */,
				6EE854ED282A5CD60069E0BF /* ballMilfred.sks in Resources */,
				0C12CD8E1F066CD2008BA78C /* Sansani Fonts - Cartwheel.otf in Resources */,
				6EA9DF5628590B51003E5A9E /* flameSword.sks in Resources */,
				0C363DCA1EF4502C00CAE82F /* Player.atlas in Resources */,
				6E9793C1282E43FD004EB912 /* ballColorFX.sks in Resources */,
				6ED7D34D2844B84F004FBE77 /* Launch Screen.storyboard in Resources */,
				6E4E872A27DAAD3C00CF0D38 /* gradient.fsh in Resources */,
				0C12CD831F052772008BA78C /* selectedChar-One.sks in Resources */,
				0C363DC61EF4502C00CAE82F /* HUD.atlas in Resources */,
				0C12CD7A1F03E304008BA78C /* Quebab-Shadow-ffp.ttf in Resources */,
				0C363DC51EF4502C00CAE82F /* GUI.atlas in Resources */,
			);
			runOnlyForDeploymentPostprocessing = 0;
		};
/* End PBXResourcesBuildPhase section */

/* Begin PBXSourcesBuildPhase section */
		F16A64581E0C96A000BC8255 /* Sources */ = {
			isa = PBXSourcesBuildPhase;
			buildActionMask = 2147483647;
			files = (
				6EAB087928EED6F3006AB933 /* SKScene.swift in Sources */,
				6E13E79128ED903300C4844B /* Score+CoreDataProperties.swift in Sources */,
				0C12CD621F0293C4008BA78C /* Currency.swift in Sources */,
				6E13E79328ED903300C4844B /* Settings+CoreDataProperties.swift in Sources */,
				6E4E872827DAA5EC00CF0D38 /* UIColor.swift in Sources */,
				6E5F4DFC290315F3004F354A /* UIButton.swift in Sources */,
				0C12CD6E1F029433008BA78C /* Pinky.swift in Sources */,
				6ED7611228A596D300C1CD66 /* CustomCollectionViewEggs.swift in Sources */,
				6E13E78C28ED903300C4844B /* Score+CoreDataClass.swift in Sources */,
				6E13E78F28ED903300C4844B /* Settings+CoreDataClass.swift in Sources */,
				0CD399A11F185C9700B7AC4C /* EnemyModel.swift in Sources */,
				0C2520C51EC6AC0A00A03400 /* MainScene.swift in Sources */,
				6E18F67B27D94AB600354BC1 /* SKEmitterNode.swift in Sources */,
				F16A64621E0C96A000BC8255 /* ViewController.swift in Sources */,
				6EAF669828E78D630009D11B /* PersistentContainer.swift in Sources */,
				0C12CD631F0293C4008BA78C /* HUD.swift in Sources */,
				0C0655D41EE1681D00D38DA3 /* CharacterMenuScene.swift in Sources */,
				6E955BBC28F99D09005DFF67 /* DragonsDB+CoreDataClass.swift in Sources */,
				F16A64601E0C96A000BC8255 /* AppDelegate.swift in Sources */,
				6E13E79628ED9DE300C4844B /* EggsDB+CoreDataClass.swift in Sources */,
				6ED7BA2527D263DC0084361E /* SKTextureAtlas.swift in Sources */,
				0C12CD611F0293C4008BA78C /* AVAudio.swift in Sources */,
				0C12CD961F0C4CB5008BA78C /* BulletMaker.swift in Sources */,
				6EB0E3BF27F1DC560013C15E /* DragonsMenuScene.swift in Sources */,
				0C12CD5A1F0293B9008BA78C /* Toon.swift in Sources */,
				0C12CD901F068B00008BA78C /* Infobar.swift in Sources */,
				F112A6F81E0EA2B000A5DEE9 /* EndGame.swift in Sources */,
				0C12CD581F0293B9008BA78C /* Global.swift in Sources */,
				6E5F4DFE29031649004F354A /* UIView.swift in Sources */,
				6E5D9A8528FC95770091AC59 /* UILabel.swift in Sources */,
				0C12CD711F029479008BA78C /* Fireball.swift in Sources */,
				0C12CD521F0293B9008BA78C /* AccountInfo.swift in Sources */,
				6EDE7E062900A36800FBB5A8 /* String.swift in Sources */,
				6EA174FE27E6BAEC000DA2C9 /* UIImage.swift in Sources */,
				0C12CD591F0293B9008BA78C /* Map.swift in Sources */,
				0C12CD641F0293C4008BA78C /* PhysicsCategory.swift in Sources */,
				6EC2F9F127F8AC20003F906A /* CustomTableView.swift in Sources */,
				6ED7D34F2844D400004FBE77 /* CGFloat.swift in Sources */,
				6E13E7A928EDDF3C00C4844B /* BuyDragon.swift in Sources */,
				6E955BBD28F99D09005DFF67 /* DragonsDB+CoreDataProperties.swift in Sources */,
				0C12CD651F0293C4008BA78C /* Projectile.swift in Sources */,
				6E5B246C27F5B19000D7023F /* GoblinModel.swift in Sources */,
				F112A70A1E16705300A5DEE9 /* Extensions.swift in Sources */,
				0CB6F24C1F15EBCC00BE6AFD /* Enemy.swift in Sources */,
				6ED7D3512844D418004FBE77 /* CGPoint.swift in Sources */,
				0C12CD6C1F029433008BA78C /* Bomber.swift in Sources */,
				6EAF669C28E792F00009D11B /* DataModel.xcdatamodeld in Sources */,
				6E13E79728ED9DE300C4844B /* EggsDB+CoreDataProperties.swift in Sources */,
				0C12CD571F0293B9008BA78C /* GameInfo.swift in Sources */,
				6ED7BA2727D263FF0084361E /* SKLabelNode.swift in Sources */,
				6EB8E8DD29012C6D00AE88F4 /* ManagedDB.swift in Sources */,
			);
			runOnlyForDeploymentPostprocessing = 0;
		};
/* End PBXSourcesBuildPhase section */

/* Begin XCBuildConfiguration section */
		F16A646C1E0C96A000BC8255 /* Debug */ = {
			isa = XCBuildConfiguration;
			buildSettings = {
				ALWAYS_SEARCH_USER_PATHS = NO;
				CLANG_ANALYZER_LOCALIZABILITY_NONLOCALIZED = YES;
				CLANG_ANALYZER_NONNULL = YES;
				CLANG_CXX_LANGUAGE_STANDARD = "gnu++0x";
				CLANG_CXX_LIBRARY = "libc++";
				CLANG_ENABLE_MODULES = YES;
				CLANG_ENABLE_OBJC_ARC = YES;
				CLANG_WARN_BLOCK_CAPTURE_AUTORELEASING = YES;
				CLANG_WARN_BOOL_CONVERSION = YES;
				CLANG_WARN_COMMA = YES;
				CLANG_WARN_CONSTANT_CONVERSION = YES;
				CLANG_WARN_DEPRECATED_OBJC_IMPLEMENTATIONS = YES;
				CLANG_WARN_DIRECT_OBJC_ISA_USAGE = YES_ERROR;
				CLANG_WARN_DOCUMENTATION_COMMENTS = YES;
				CLANG_WARN_EMPTY_BODY = YES;
				CLANG_WARN_ENUM_CONVERSION = YES;
				CLANG_WARN_INFINITE_RECURSION = YES;
				CLANG_WARN_INT_CONVERSION = YES;
				CLANG_WARN_NON_LITERAL_NULL_CONVERSION = YES;
				CLANG_WARN_OBJC_IMPLICIT_RETAIN_SELF = YES;
				CLANG_WARN_OBJC_LITERAL_CONVERSION = YES;
				CLANG_WARN_OBJC_ROOT_CLASS = YES_ERROR;
				CLANG_WARN_QUOTED_INCLUDE_IN_FRAMEWORK_HEADER = YES;
				CLANG_WARN_RANGE_LOOP_ANALYSIS = YES;
				CLANG_WARN_STRICT_PROTOTYPES = YES;
				CLANG_WARN_SUSPICIOUS_MOVE = YES;
				CLANG_WARN_SUSPICIOUS_MOVES = YES;
				CLANG_WARN_UNREACHABLE_CODE = YES;
				CLANG_WARN__DUPLICATE_METHOD_MATCH = YES;
				CODE_SIGN_IDENTITY = "iPhone Developer";
				"CODE_SIGN_IDENTITY[sdk=iphoneos*]" = "iPhone Developer";
				COPY_PHASE_STRIP = NO;
				DEBUG_INFORMATION_FORMAT = dwarf;
				DEVELOPMENT_TEAM = 96342UP57T;
				ENABLE_STRICT_OBJC_MSGSEND = YES;
				ENABLE_TESTABILITY = YES;
				GCC_C_LANGUAGE_STANDARD = gnu99;
				GCC_DYNAMIC_NO_PIC = NO;
				GCC_NO_COMMON_BLOCKS = YES;
				GCC_OPTIMIZATION_LEVEL = 0;
				GCC_PREPROCESSOR_DEFINITIONS = (
					"DEBUG=1",
					"$(inherited)",
				);
				GCC_WARN_64_TO_32_BIT_CONVERSION = YES;
				GCC_WARN_ABOUT_RETURN_TYPE = YES_ERROR;
				GCC_WARN_UNDECLARED_SELECTOR = YES;
				GCC_WARN_UNINITIALIZED_AUTOS = YES_AGGRESSIVE;
				GCC_WARN_UNUSED_FUNCTION = YES;
				GCC_WARN_UNUSED_VARIABLE = YES;
				IPHONEOS_DEPLOYMENT_TARGET = 12.0;
				MTL_ENABLE_DEBUG_INFO = YES;
				ONLY_ACTIVE_ARCH = YES;
				SDKROOT = iphoneos;
				SWIFT_ACTIVE_COMPILATION_CONDITIONS = DEBUG;
				SWIFT_OPTIMIZATION_LEVEL = "-Onone";
			};
			name = Debug;
		};
		F16A646D1E0C96A000BC8255 /* Release */ = {
			isa = XCBuildConfiguration;
			buildSettings = {
				ALWAYS_SEARCH_USER_PATHS = NO;
				CLANG_ANALYZER_LOCALIZABILITY_NONLOCALIZED = YES;
				CLANG_ANALYZER_NONNULL = YES;
				CLANG_CXX_LANGUAGE_STANDARD = "gnu++0x";
				CLANG_CXX_LIBRARY = "libc++";
				CLANG_ENABLE_MODULES = YES;
				CLANG_ENABLE_OBJC_ARC = YES;
				CLANG_WARN_BLOCK_CAPTURE_AUTORELEASING = YES;
				CLANG_WARN_BOOL_CONVERSION = YES;
				CLANG_WARN_COMMA = YES;
				CLANG_WARN_CONSTANT_CONVERSION = YES;
				CLANG_WARN_DEPRECATED_OBJC_IMPLEMENTATIONS = YES;
				CLANG_WARN_DIRECT_OBJC_ISA_USAGE = YES_ERROR;
				CLANG_WARN_DOCUMENTATION_COMMENTS = YES;
				CLANG_WARN_EMPTY_BODY = YES;
				CLANG_WARN_ENUM_CONVERSION = YES;
				CLANG_WARN_INFINITE_RECURSION = YES;
				CLANG_WARN_INT_CONVERSION = YES;
				CLANG_WARN_NON_LITERAL_NULL_CONVERSION = YES;
				CLANG_WARN_OBJC_IMPLICIT_RETAIN_SELF = YES;
				CLANG_WARN_OBJC_LITERAL_CONVERSION = YES;
				CLANG_WARN_OBJC_ROOT_CLASS = YES_ERROR;
				CLANG_WARN_QUOTED_INCLUDE_IN_FRAMEWORK_HEADER = YES;
				CLANG_WARN_RANGE_LOOP_ANALYSIS = YES;
				CLANG_WARN_STRICT_PROTOTYPES = YES;
				CLANG_WARN_SUSPICIOUS_MOVE = YES;
				CLANG_WARN_SUSPICIOUS_MOVES = YES;
				CLANG_WARN_UNREACHABLE_CODE = YES;
				CLANG_WARN__DUPLICATE_METHOD_MATCH = YES;
				CODE_SIGN_IDENTITY = "iPhone Distribution";
				"CODE_SIGN_IDENTITY[sdk=iphoneos*]" = "iPhone Distribution";
				COPY_PHASE_STRIP = NO;
				DEBUG_INFORMATION_FORMAT = "dwarf-with-dsym";
				DEVELOPMENT_TEAM = 96342UP57T;
				ENABLE_NS_ASSERTIONS = NO;
				ENABLE_STRICT_OBJC_MSGSEND = YES;
				GCC_C_LANGUAGE_STANDARD = gnu99;
				GCC_NO_COMMON_BLOCKS = YES;
				GCC_WARN_64_TO_32_BIT_CONVERSION = YES;
				GCC_WARN_ABOUT_RETURN_TYPE = YES_ERROR;
				GCC_WARN_UNDECLARED_SELECTOR = YES;
				GCC_WARN_UNINITIALIZED_AUTOS = YES_AGGRESSIVE;
				GCC_WARN_UNUSED_FUNCTION = YES;
				GCC_WARN_UNUSED_VARIABLE = YES;
				IPHONEOS_DEPLOYMENT_TARGET = 12.0;
				MTL_ENABLE_DEBUG_INFO = NO;
				SDKROOT = iphoneos;
				SWIFT_OPTIMIZATION_LEVEL = "-Owholemodule";
				VALIDATE_PRODUCT = YES;
			};
			name = Release;
		};
		F16A646F1E0C96A000BC8255 /* Debug */ = {
			isa = XCBuildConfiguration;
			buildSettings = {
				ASSETCATALOG_COMPILER_APPICON_NAME = AppIcon;
				ASSETCATALOG_COMPILER_INCLUDE_ALL_APPICON_ASSETS = YES;
				CODE_SIGN_IDENTITY = "iPhone Developer";
				"CODE_SIGN_IDENTITY[sdk=iphoneos*]" = "iPhone Developer";
				CURRENT_PROJECT_VERSION = 1;
				DEVELOPMENT_TEAM = 9DQ85YJ434;
				INFOPLIST_FILE = EverWing/Info.plist;
				INFOPLIST_KEY_CFBundleDisplayName = "EverWing Arcade";
				INFOPLIST_KEY_LSApplicationCategoryType = "public.app-category.arcade-games";
				IPHONEOS_DEPLOYMENT_TARGET = 12.0;
				LD_RUNPATH_SEARCH_PATHS = "$(inherited) @executable_path/Frameworks";
				MARKETING_VERSION = 1.0.0;
				PRODUCT_BUNDLE_IDENTIFIER = pcb.everwings.com;
				PRODUCT_NAME = "$(TARGET_NAME)";
				PROVISIONING_PROFILE_SPECIFIER = "";
				SWIFT_SWIFT3_OBJC_INFERENCE = Default;
				SWIFT_VERSION = 5.0;
				TARGETED_DEVICE_FAMILY = "1,2";
			};
			name = Debug;
		};
		F16A64701E0C96A000BC8255 /* Release */ = {
			isa = XCBuildConfiguration;
			buildSettings = {
				ASSETCATALOG_COMPILER_APPICON_NAME = AppIcon;
				ASSETCATALOG_COMPILER_INCLUDE_ALL_APPICON_ASSETS = YES;
				CODE_SIGN_IDENTITY = "iPhone Developer";
				"CODE_SIGN_IDENTITY[sdk=iphoneos*]" = "iPhone Developer";
				CURRENT_PROJECT_VERSION = 1;
				DEVELOPMENT_TEAM = 9DQ85YJ434;
				INFOPLIST_FILE = EverWing/Info.plist;
				INFOPLIST_KEY_CFBundleDisplayName = "EverWing Arcade";
				INFOPLIST_KEY_LSApplicationCategoryType = "public.app-category.arcade-games";
				IPHONEOS_DEPLOYMENT_TARGET = 12.0;
				LD_RUNPATH_SEARCH_PATHS = "$(inherited) @executable_path/Frameworks";
				MARKETING_VERSION = 1.0.0;
				PRODUCT_BUNDLE_IDENTIFIER = pcb.everwings.com;
				PRODUCT_NAME = "$(TARGET_NAME)";
				PROVISIONING_PROFILE_SPECIFIER = "";
				SWIFT_SWIFT3_OBJC_INFERENCE = Default;
				SWIFT_VERSION = 5.0;
				TARGETED_DEVICE_FAMILY = "1,2";
			};
			name = Release;
		};
/* End XCBuildConfiguration section */

/* Begin XCConfigurationList section */
		F16A64571E0C969F00BC8255 /* Build configuration list for PBXProject "EverWing" */ = {
			isa = XCConfigurationList;
			buildConfigurations = (
				F16A646C1E0C96A000BC8255 /* Debug */,
				F16A646D1E0C96A000BC8255 /* Release */,
			);
			defaultConfigurationIsVisible = 0;
			defaultConfigurationName = Debug;
		};
		F16A646E1E0C96A000BC8255 /* Build configuration list for PBXNativeTarget "EverWing" */ = {
			isa = XCConfigurationList;
			buildConfigurations = (
				F16A646F1E0C96A000BC8255 /* Debug */,
				F16A64701E0C96A000BC8255 /* Release */,
			);
			defaultConfigurationIsVisible = 0;
			defaultConfigurationName = Debug;
		};
/* End XCConfigurationList section */

/* Begin XCVersionGroup section */
		6EAF669A28E792F00009D11B /* DataModel.xcdatamodeld */ = {
			isa = XCVersionGroup;
			children = (
				6EAF669B28E792F00009D11B /* DataModel.xcdatamodel */,
			);
			currentVersion = 6EAF669B28E792F00009D11B /* DataModel.xcdatamodel */;
			path = DataModel.xcdatamodeld;
			sourceTree = "<group>";
			versionGroupType = wrapper.xcdatamodel;
		};
/* End XCVersionGroup section */
	};
	rootObject = F16A64541E0C969F00BC8255 /* Project object */;
}
